
Microsoft Visual Studio Solution File, Format Version 12.00
# Visual Studio Version 16
VisualStudioVersion = 16.0.30114.105
MinimumVisualStudioVersion = 10.0.40219.1
Project("{9A19103F-16F7-4668-BE54-9A1E7A4F7556}") = "DaedalusClass", "DaedalusClass.csproj", "{986AA46C-C9BF-4103-A010-CBB291B1F125}"
EndProject
Global
	GlobalSection(SolutionConfigurationPlatforms) = preSolution
		Debug|Any CPU = Debug|Any CPU
		Release|Any CPU = Release|Any CPU
	EndGlobalSection
	GlobalSection(ProjectConfigurationPlatforms) = postSolution
		{986AA46C-C9BF-4103-A010-CBB291B1F125}.Debug|Any CPU.ActiveCfg = Debug|Any CPU
		{986AA46C-C9BF-4103-A010-CBB291B1F125}.Debug|Any CPU.Build.0 = Debug|Any CPU
		{986AA46C-C9BF-4103-A010-CBB291B1F125}.Release|Any CPU.ActiveCfg = Release|Any CPU
		{986AA46C-C9BF-4103-A010-CBB291B1F125}.Release|Any CPU.Build.0 = Release|Any CPU
	EndGlobalSection
	GlobalSection(SolutionProperties) = preSolution
		HideSolutionNode = FALSE
	EndGlobalSection
	GlobalSection(ExtensibilityGlobals) = postSolution
		SolutionGuid = {03CA2ABF-5867-4BFC-8FC8-D4C3F4C94CA9}
	EndGlobalSection
EndGlobal
